
Microsoft Visual Studio Solution File, Format Version 12.00
# Visual Studio Version 17
VisualStudioVersion = 17.0.32112.339
MinimumVisualStudioVersion = 10.0.40219.1
Project("{9A19103F-16F7-4668-BE54-9A1E7A4F7556}") = "NintyNineKartStore.Web", "NintyNineKartStore.Web\NintyNineKartStore.Web.csproj", "{581DA4F8-29E2-45A5-BA3A-C5CF00C3E4A9}"
	ProjectSection(ProjectDependencies) = postProject
		{FC719A23-3DC1-4062-8D80-34E64E8E1C34} = {FC719A23-3DC1-4062-8D80-34E64E8E1C34}
		{7F657974-818C-4C40-B2DE-0F4B198A771C} = {7F657974-818C-4C40-B2DE-0F4B198A771C}
	EndProjectSection
EndProject
Project("{2150E333-8FDC-42A3-9474-1A3956D46DE8}") = "UI.Web", "UI.Web", "{69FEEE0A-29BF-401E-BE17-B8444A0F5185}"
EndProject
Project("{2150E333-8FDC-42A3-9474-1A3956D46DE8}") = "Infrastructure.Ioc", "Infrastructure.Ioc", "{6033995C-75EB-4DDF-A829-913C7ACAAE44}"
EndProject
Project("{2150E333-8FDC-42A3-9474-1A3956D46DE8}") = "Infrastructure.Data", "Infrastructure.Data", "{60705116-E712-4092-8B86-55E491CDCFC6}"
EndProject
Project("{9A19103F-16F7-4668-BE54-9A1E7A4F7556}") = "NintyNineKartStore.Data", "NintyNineKartStore.Data\NintyNineKartStore.Data.csproj", "{B7BB6FBA-5E7A-4B11-9046-B2CB4F76EBD3}"
	ProjectSection(ProjectDependencies) = postProject
		{FC719A23-3DC1-4062-8D80-34E64E8E1C34} = {FC719A23-3DC1-4062-8D80-34E64E8E1C34}
	EndProjectSection
EndProject
Project("{2150E333-8FDC-42A3-9474-1A3956D46DE8}") = "Application.Core", "Application.Core", "{A537693C-9B37-41ED-B6D7-044EB0493057}"
EndProject
Project("{9A19103F-16F7-4668-BE54-9A1E7A4F7556}") = "NintyNineKartStore.Core", "NintyNineKartStore.Core\NintyNineKartStore.Core.csproj", "{FC719A23-3DC1-4062-8D80-34E64E8E1C34}"
EndProject
Project("{9A19103F-16F7-4668-BE54-9A1E7A4F7556}") = "NintyNineKartStore.Infrastructure.IoC", "NintyNineKartStore.Infrastructure.IoC\NintyNineKartStore.Infrastructure.IoC.csproj", "{0512C2C1-9CEF-4E83-A734-78E6F9A78321}"
EndProject
Project("{2150E333-8FDC-42A3-9474-1A3956D46DE8}") = "Application.Services", "Application.Services", "{BDA9D18B-A5C5-49D8-BDB7-1A3FE7990075}"
EndProject
Project("{9A19103F-16F7-4668-BE54-9A1E7A4F7556}") = "NintyNineKartStore.Service", "NintyNineKartStore.Service\NintyNineKartStore.Service.csproj", "{7F657974-818C-4C40-B2DE-0F4B198A771C}"
EndProject
Global
	GlobalSection(SolutionConfigurationPlatforms) = preSolution
		Debug|Any CPU = Debug|Any CPU
		Release|Any CPU = Release|Any CPU
	EndGlobalSection
	GlobalSection(ProjectConfigurationPlatforms) = postSolution
		{581DA4F8-29E2-45A5-BA3A-C5CF00C3E4A9}.Debug|Any CPU.ActiveCfg = Debug|Any CPU
		{581DA4F8-29E2-45A5-BA3A-C5CF00C3E4A9}.Debug|Any CPU.Build.0 = Debug|Any CPU
		{581DA4F8-29E2-45A5-BA3A-C5CF00C3E4A9}.Release|Any CPU.ActiveCfg = Release|Any CPU
		{581DA4F8-29E2-45A5-BA3A-C5CF00C3E4A9}.Release|Any CPU.Build.0 = Release|Any CPU
		{B7BB6FBA-5E7A-4B11-9046-B2CB4F76EBD3}.Debug|Any CPU.ActiveCfg = Debug|Any CPU
		{B7BB6FBA-5E7A-4B11-9046-B2CB4F76EBD3}.Debug|Any CPU.Build.0 = Debug|Any CPU
		{B7BB6FBA-5E7A-4B11-9046-B2CB4F76EBD3}.Release|Any CPU.ActiveCfg = Release|Any CPU
		{B7BB6FBA-5E7A-4B11-9046-B2CB4F76EBD3}.Release|Any CPU.Build.0 = Release|Any CPU
		{FC719A23-3DC1-4062-8D80-34E64E8E1C34}.Debug|Any CPU.ActiveCfg = Debug|Any CPU
		{FC719A23-3DC1-4062-8D80-34E64E8E1C34}.Debug|Any CPU.Build.0 = Debug|Any CPU
		{FC719A23-3DC1-4062-8D80-34E64E8E1C34}.Release|Any CPU.ActiveCfg = Release|Any CPU
		{FC719A23-3DC1-4062-8D80-34E64E8E1C34}.Release|Any CPU.Build.0 = Release|Any CPU
		{0512C2C1-9CEF-4E83-A734-78E6F9A78321}.Debug|Any CPU.ActiveCfg = Debug|Any CPU
		{0512C2C1-9CEF-4E83-A734-78E6F9A78321}.Debug|Any CPU.Build.0 = Debug|Any CPU
		{0512C2C1-9CEF-4E83-A734-78E6F9A78321}.Release|Any CPU.ActiveCfg = Release|Any CPU
		{0512C2C1-9CEF-4E83-A734-78E6F9A78321}.Release|Any CPU.Build.0 = Release|Any CPU
		{7F657974-818C-4C40-B2DE-0F4B198A771C}.Debug|Any CPU.ActiveCfg = Debug|Any CPU
		{7F657974-818C-4C40-B2DE-0F4B198A771C}.Debug|Any CPU.Build.0 = Debug|Any CPU
		{7F657974-818C-4C40-B2DE-0F4B198A771C}.Release|Any CPU.ActiveCfg = Release|Any CPU
		{7F657974-818C-4C40-B2DE-0F4B198A771C}.Release|Any CPU.Build.0 = Release|Any CPU
	EndGlobalSection
	GlobalSection(SolutionProperties) = preSolution
		HideSolutionNode = FALSE
	EndGlobalSection
	GlobalSection(NestedProjects) = preSolution
		{581DA4F8-29E2-45A5-BA3A-C5CF00C3E4A9} = {69FEEE0A-29BF-401E-BE17-B8444A0F5185}
		{B7BB6FBA-5E7A-4B11-9046-B2CB4F76EBD3} = {60705116-E712-4092-8B86-55E491CDCFC6}
		{FC719A23-3DC1-4062-8D80-34E64E8E1C34} = {A537693C-9B37-41ED-B6D7-044EB0493057}
		{0512C2C1-9CEF-4E83-A734-78E6F9A78321} = {6033995C-75EB-4DDF-A829-913C7ACAAE44}
		{7F657974-818C-4C40-B2DE-0F4B198A771C} = {BDA9D18B-A5C5-49D8-BDB7-1A3FE7990075}
	EndGlobalSection
	GlobalSection(ExtensibilityGlobals) = postSolution
		SolutionGuid = {52070125-0B74-4BD2-AB18-F0A1213A6580}
	EndGlobalSection
EndGlobal
